
Microsoft Visual Studio Solution File, Format Version 12.00
# Visual Studio Version 17
VisualStudioVersion = 17.0.32014.148
MinimumVisualStudioVersion = 10.0.40219.1
Project("{9A19103F-16F7-4668-BE54-9A1E7A4F7556}") = "MusicBot4", "MusicBot4\MusicBot4.csproj", "{EFFBE238-18EB-4469-BCAD-ABDEBE1EFF0C}"
EndProject
Project("{FAE04EC0-301F-11D3-BF4B-00C04F79EFBC}") = "DiscordDb", "DiscordDb\DiscordDb.csproj", "{CD00C9D5-9454-4F3B-A811-53EECA8528E0}"
EndProject
Global
	GlobalSection(SolutionConfigurationPlatforms) = preSolution
		Debug|Any CPU = Debug|Any CPU
		Release|Any CPU = Release|Any CPU
	EndGlobalSection
	GlobalSection(ProjectConfigurationPlatforms) = postSolution
		{EFFBE238-18EB-4469-BCAD-ABDEBE1EFF0C}.Debug|Any CPU.ActiveCfg = Debug|Any CPU
		{EFFBE238-18EB-4469-BCAD-ABDEBE1EFF0C}.Debug|Any CPU.Build.0 = Debug|Any CPU
		{EFFBE238-18EB-4469-BCAD-ABDEBE1EFF0C}.Release|Any CPU.ActiveCfg = Release|Any CPU
		{EFFBE238-18EB-4469-BCAD-ABDEBE1EFF0C}.Release|Any CPU.Build.0 = Release|Any CPU
		{CD00C9D5-9454-4F3B-A811-53EECA8528E0}.Debug|Any CPU.ActiveCfg = Debug|Any CPU
		{CD00C9D5-9454-4F3B-A811-53EECA8528E0}.Debug|Any CPU.Build.0 = Debug|Any CPU
		{CD00C9D5-9454-4F3B-A811-53EECA8528E0}.Release|Any CPU.ActiveCfg = Release|Any CPU
		{CD00C9D5-9454-4F3B-A811-53EECA8528E0}.Release|Any CPU.Build.0 = Release|Any CPU
	EndGlobalSection
	GlobalSection(SolutionProperties) = preSolution
		HideSolutionNode = FALSE
	EndGlobalSection
	GlobalSection(ExtensibilityGlobals) = postSolution
		SolutionGuid = {E92E463C-DE49-465C-B5F0-407CC28BEC75}
	EndGlobalSection
EndGlobal
